
Microsoft Visual Studio Solution File, Format Version 12.00
# Visual Studio Version 17
VisualStudioVersion = 17.5.002.0
MinimumVisualStudioVersion = 10.0.40219.1
Project("{9A19103F-16F7-4668-BE54-9A1E7A4F7556}") = "Somniloquy", "Somniloquy.csproj", "{96EC2C38-FD6B-411F-A840-38D80F8DC743}"
EndProject
Global
	GlobalSection(SolutionConfigurationPlatforms) = preSolution
		Debug|Any CPU = Debug|Any CPU
		Release|Any CPU = Release|Any CPU
	EndGlobalSection
	GlobalSection(ProjectConfigurationPlatforms) = postSolution
		{96EC2C38-FD6B-411F-A840-38D80F8DC743}.Debug|Any CPU.ActiveCfg = Debug|Any CPU
		{96EC2C38-FD6B-411F-A840-38D80F8DC743}.Debug|Any CPU.Build.0 = Debug|Any CPU
		{96EC2C38-FD6B-411F-A840-38D80F8DC743}.Release|Any CPU.ActiveCfg = Release|Any CPU
		{96EC2C38-FD6B-411F-A840-38D80F8DC743}.Release|Any CPU.Build.0 = Release|Any CPU
	EndGlobalSection
	GlobalSection(SolutionProperties) = preSolution
		HideSolutionNode = FALSE
	EndGlobalSection
	GlobalSection(ExtensibilityGlobals) = postSolution
		SolutionGuid = {FB36A0D9-4F53-4F4F-B420-666CB2C19232}
	EndGlobalSection
EndGlobal
